
Microsoft Visual Studio Solution File, Format Version 12.00
# Visual Studio Version 17
VisualStudioVersion = 17.1.32228.430
MinimumVisualStudioVersion = 10.0.40219.1
Project("{FAE04EC0-301F-11D3-BF4B-00C04F79EFBC}") = "ProtectosUnidad1", "ProtectoUnidad1\ProtectosUnidad1.csproj", "{0050F3A8-5BC5-411A-8023-77EAB3DE91A2}"
EndProject
Project("{2150E333-8FDC-42A3-9474-1A3956D46DE8}") = "Unidad1", "Unidad1", "{B4B8E8A6-EB3E-481B-9502-8E516E6B38E2}"
EndProject
Project("{FAE04EC0-301F-11D3-BF4B-00C04F79EFBC}") = "Enlace", "Enlace\Enlace.csproj", "{BCFAF151-CCF4-4BA5-B4D1-8568E345B4E8}"
EndProject
Project("{FAE04EC0-301F-11D3-BF4B-00C04F79EFBC}") = "Triggers", "Triggers\Triggers.csproj", "{1EB5C7FD-8E30-476F-BBE2-EE5AF09A0D41}"
EndProject
Project("{2150E333-8FDC-42A3-9474-1A3956D46DE8}") = "Unidad2", "Unidad2", "{99F4ED4A-E5EC-4E30-906D-AA4A116BCC47}"
EndProject
Project("{9A19103F-16F7-4668-BE54-9A1E7A4F7556}") = "Navegacion", "Navegacion\Navegacion.csproj", "{A4048DA1-B939-4F65-BB05-C492EB8B9F9F}"
EndProject
Project("{9A19103F-16F7-4668-BE54-9A1E7A4F7556}") = "MenuProyectos", "MenuProyectos\MenuProyectos.csproj", "{810A7E98-BCB7-46C6-B4DD-90F7A69C3082}"
EndProject
Project("{9A19103F-16F7-4668-BE54-9A1E7A4F7556}") = "PeliculasMVVM", "PeliculasMVVM\PeliculasMVVM.csproj", "{9A4549DE-8146-4951-891A-1D494178450F}"
EndProject
Project("{9A19103F-16F7-4668-BE54-9A1E7A4F7556}") = "ListaComprasMVVM", "ListaComprasMVVM\ListaComprasMVVM.csproj", "{E0B012E5-B8EC-412F-B6FE-83C30ABE6EA0}"
EndProject
Project("{9A19103F-16F7-4668-BE54-9A1E7A4F7556}") = "MundoGeek", "MundoGeek\MundoGeek.csproj", "{E56A8A66-DADF-44EB-BB9A-A586E1FD170D}"
EndProject
Global
	GlobalSection(SolutionConfigurationPlatforms) = preSolution
		Debug|Any CPU = Debug|Any CPU
		Release|Any CPU = Release|Any CPU
	EndGlobalSection
	GlobalSection(ProjectConfigurationPlatforms) = postSolution
		{0050F3A8-5BC5-411A-8023-77EAB3DE91A2}.Debug|Any CPU.ActiveCfg = Debug|Any CPU
		{0050F3A8-5BC5-411A-8023-77EAB3DE91A2}.Debug|Any CPU.Build.0 = Debug|Any CPU
		{0050F3A8-5BC5-411A-8023-77EAB3DE91A2}.Release|Any CPU.ActiveCfg = Release|Any CPU
		{0050F3A8-5BC5-411A-8023-77EAB3DE91A2}.Release|Any CPU.Build.0 = Release|Any CPU
		{BCFAF151-CCF4-4BA5-B4D1-8568E345B4E8}.Debug|Any CPU.ActiveCfg = Debug|Any CPU
		{BCFAF151-CCF4-4BA5-B4D1-8568E345B4E8}.Debug|Any CPU.Build.0 = Debug|Any CPU
		{BCFAF151-CCF4-4BA5-B4D1-8568E345B4E8}.Release|Any CPU.ActiveCfg = Release|Any CPU
		{BCFAF151-CCF4-4BA5-B4D1-8568E345B4E8}.Release|Any CPU.Build.0 = Release|Any CPU
		{1EB5C7FD-8E30-476F-BBE2-EE5AF09A0D41}.Debug|Any CPU.ActiveCfg = Debug|Any CPU
		{1EB5C7FD-8E30-476F-BBE2-EE5AF09A0D41}.Debug|Any CPU.Build.0 = Debug|Any CPU
		{1EB5C7FD-8E30-476F-BBE2-EE5AF09A0D41}.Release|Any CPU.ActiveCfg = Release|Any CPU
		{1EB5C7FD-8E30-476F-BBE2-EE5AF09A0D41}.Release|Any CPU.Build.0 = Release|Any CPU
		{A4048DA1-B939-4F65-BB05-C492EB8B9F9F}.Debug|Any CPU.ActiveCfg = Debug|Any CPU
		{A4048DA1-B939-4F65-BB05-C492EB8B9F9F}.Debug|Any CPU.Build.0 = Debug|Any CPU
		{A4048DA1-B939-4F65-BB05-C492EB8B9F9F}.Release|Any CPU.ActiveCfg = Release|Any CPU
		{A4048DA1-B939-4F65-BB05-C492EB8B9F9F}.Release|Any CPU.Build.0 = Release|Any CPU
		{810A7E98-BCB7-46C6-B4DD-90F7A69C3082}.Debug|Any CPU.ActiveCfg = Debug|Any CPU
		{810A7E98-BCB7-46C6-B4DD-90F7A69C3082}.Debug|Any CPU.Build.0 = Debug|Any CPU
		{810A7E98-BCB7-46C6-B4DD-90F7A69C3082}.Release|Any CPU.ActiveCfg = Release|Any CPU
		{810A7E98-BCB7-46C6-B4DD-90F7A69C3082}.Release|Any CPU.Build.0 = Release|Any CPU
		{9A4549DE-8146-4951-891A-1D494178450F}.Debug|Any CPU.ActiveCfg = Debug|Any CPU
		{9A4549DE-8146-4951-891A-1D494178450F}.Debug|Any CPU.Build.0 = Debug|Any CPU
		{9A4549DE-8146-4951-891A-1D494178450F}.Release|Any CPU.ActiveCfg = Release|Any CPU
		{9A4549DE-8146-4951-891A-1D494178450F}.Release|Any CPU.Build.0 = Release|Any CPU
		{E0B012E5-B8EC-412F-B6FE-83C30ABE6EA0}.Debug|Any CPU.ActiveCfg = Debug|Any CPU
		{E0B012E5-B8EC-412F-B6FE-83C30ABE6EA0}.Debug|Any CPU.Build.0 = Debug|Any CPU
		{E0B012E5-B8EC-412F-B6FE-83C30ABE6EA0}.Release|Any CPU.ActiveCfg = Release|Any CPU
		{E0B012E5-B8EC-412F-B6FE-83C30ABE6EA0}.Release|Any CPU.Build.0 = Release|Any CPU
		{E56A8A66-DADF-44EB-BB9A-A586E1FD170D}.Debug|Any CPU.ActiveCfg = Debug|Any CPU
		{E56A8A66-DADF-44EB-BB9A-A586E1FD170D}.Debug|Any CPU.Build.0 = Debug|Any CPU
		{E56A8A66-DADF-44EB-BB9A-A586E1FD170D}.Release|Any CPU.ActiveCfg = Release|Any CPU
		{E56A8A66-DADF-44EB-BB9A-A586E1FD170D}.Release|Any CPU.Build.0 = Release|Any CPU
	EndGlobalSection
	GlobalSection(SolutionProperties) = preSolution
		HideSolutionNode = FALSE
	EndGlobalSection
	GlobalSection(NestedProjects) = preSolution
		{0050F3A8-5BC5-411A-8023-77EAB3DE91A2} = {B4B8E8A6-EB3E-481B-9502-8E516E6B38E2}
		{BCFAF151-CCF4-4BA5-B4D1-8568E345B4E8} = {B4B8E8A6-EB3E-481B-9502-8E516E6B38E2}
		{1EB5C7FD-8E30-476F-BBE2-EE5AF09A0D41} = {B4B8E8A6-EB3E-481B-9502-8E516E6B38E2}
		{A4048DA1-B939-4F65-BB05-C492EB8B9F9F} = {99F4ED4A-E5EC-4E30-906D-AA4A116BCC47}
		{810A7E98-BCB7-46C6-B4DD-90F7A69C3082} = {99F4ED4A-E5EC-4E30-906D-AA4A116BCC47}
		{9A4549DE-8146-4951-891A-1D494178450F} = {99F4ED4A-E5EC-4E30-906D-AA4A116BCC47}
		{E0B012E5-B8EC-412F-B6FE-83C30ABE6EA0} = {99F4ED4A-E5EC-4E30-906D-AA4A116BCC47}
		{E56A8A66-DADF-44EB-BB9A-A586E1FD170D} = {99F4ED4A-E5EC-4E30-906D-AA4A116BCC47}
	EndGlobalSection
	GlobalSection(ExtensibilityGlobals) = postSolution
		SolutionGuid = {FA30C418-9571-4E52-8A29-1E80D46C15BE}
	EndGlobalSection
EndGlobal
